{
  "nodes": {
    "darwin": {
      "inputs": {
        "nixpkgs": [
          "nixpkgs"
        ]
      },
      "locked": {
        "lastModified": 1648278671,
        "narHash": "sha256-1WrR9ex+rKTjZtODNUZQhkWYUprtfOkjOyo9YWL2NMs=",
        "owner": "LnL7",
        "repo": "nix-darwin",
        "rev": "4fdbb8168f61d31d3f90bb0d07f48de709c4fe79",
        "type": "github"
      },
      "original": {
        "owner": "LnL7",
        "repo": "nix-darwin",
        "type": "github"
      }
    },
    "flake-compat": {
      "flake": false,
      "locked": {
        "lastModified": 1648199409,
        "narHash": "sha256-JwPKdC2PoVBkG6E+eWw3j6BMR6sL3COpYWfif7RVb8Y=",
        "owner": "edolstra",
        "repo": "flake-compat",
        "rev": "64a525ee38886ab9028e6f61790de0832aa3ef03",
        "type": "github"
      },
      "original": {
        "owner": "edolstra",
        "repo": "flake-compat",
        "type": "github"
      }
    },
    "flake-utils": {
      "locked": {
        "lastModified": 1649676176,
        "narHash": "sha256-OWKJratjt2RW151VUlJPRALb7OU2S5s+f0vLj4o1bHM=",
        "owner": "numtide",
        "repo": "flake-utils",
        "rev": "a4b154ebbdc88c8498a5c7b01589addc9e9cb678",
        "type": "github"
      },
      "original": {
        "owner": "numtide",
        "repo": "flake-utils",
        "type": "github"
      }
    },
    "home": {
      "inputs": {
        "nixpkgs": [
          "nixpkgs"
        ]
      },
      "locked": {
        "lastModified": 1649887921,
        "narHash": "sha256-h2LZzn5LLwIFvVFLCdR8+VWluEP3U1I5y+0mDZjFjAk=",
        "owner": "nix-community",
        "repo": "home-manager",
        "rev": "92f58b6728e7c631a7ea0ed68cd21bb29a4876ff",
        "type": "github"
      },
      "original": {
        "owner": "nix-community",
        "repo": "home-manager",
        "type": "github"
      }
    },
    "nixos": {
      "locked": {
        "lastModified": 1649883785,
        "narHash": "sha256-GhwcnCKisE5CKPU7YzTD1bwgTNmyokjl71ENIVAcnR8=",
        "owner": "NixOS",
        "repo": "nixpkgs",
        "rev": "a62ce97f92b8b197ab6f278132535c1abf713ba0",
        "type": "github"
      },
      "original": {
        "owner": "NixOS",
        "ref": "nixos-21.11",
        "repo": "nixpkgs",
        "type": "github"
      }
    },
    "nixpkgs": {
      "locked": {
        "lastModified": 1649930986,
        "narHash": "sha256-csbCr9UEgJxgpi1ud4k0rqg1qVS4FLHrhpkLVVgo8dM=",
        "owner": "NixOS",
        "repo": "nixpkgs",
        "rev": "6361b4941a69395ebf15e6e56b142765fce850f9",
        "type": "github"
      },
      "original": {
        "owner": "NixOS",
        "ref": "nixpkgs-unstable",
        "repo": "nixpkgs",
        "type": "github"
      }
    },
    "root": {
      "inputs": {
        "darwin": "darwin",
        "flake-compat": "flake-compat",
        "flake-utils": "flake-utils",
        "home": "home",
        "nixos": "nixos",
        "nixpkgs": "nixpkgs"
      }
    }
  },
  "root": "root",
  "version": 7
}
