{
  "nodes": {
    "darwin": {
      "inputs": {
        "nixpkgs": [
          "nixpkgs"
        ]
      },
      "locked": {
        "lastModified": 1683754942,
        "narHash": "sha256-L+Bj8EL4XLmODRIuOkk9sI6FDECVzK+C8jeZFv7q6eY=",
        "owner": "LnL7",
        "repo": "nix-darwin",
        "rev": "252541bd05a7f55f3704a3d014ad1badc1e3360d",
        "type": "github"
      },
      "original": {
        "owner": "LnL7",
        "repo": "nix-darwin",
        "type": "github"
      }
    },
    "flake-compat": {
      "flake": false,
      "locked": {
        "lastModified": 1673956053,
        "narHash": "sha256-4gtG9iQuiKITOjNQQeQIpoIB6b16fm+504Ch3sNKLd8=",
        "owner": "edolstra",
        "repo": "flake-compat",
        "rev": "35bb57c0c8d8b62bbfd284272c928ceb64ddbde9",
        "type": "github"
      },
      "original": {
        "owner": "edolstra",
        "repo": "flake-compat",
        "type": "github"
      }
    },
    "flake-utils": {
      "inputs": {
        "systems": "systems"
      },
      "locked": {
        "lastModified": 1681202837,
        "narHash": "sha256-H+Rh19JDwRtpVPAWp64F+rlEtxUWBAQW28eAi3SRSzg=",
        "owner": "numtide",
        "repo": "flake-utils",
        "rev": "cfacdce06f30d2b68473a46042957675eebb3401",
        "type": "github"
      },
      "original": {
        "owner": "numtide",
        "repo": "flake-utils",
        "type": "github"
      }
    },
    "home": {
      "inputs": {
        "nixpkgs": [
          "nixpkgs"
        ]
      },
      "locked": {
        "lastModified": 1683796878,
        "narHash": "sha256-8y2RossxrzY/RthUj8vikfwQDp25XkWNi0lw2oEYVbc=",
        "owner": "nix-community",
        "repo": "home-manager",
        "rev": "fa720861b5b68536434360aa0ccf0a5fb9060a73",
        "type": "github"
      },
      "original": {
        "owner": "nix-community",
        "repo": "home-manager",
        "type": "github"
      }
    },
    "nixos": {
      "locked": {
        "lastModified": 1683627095,
        "narHash": "sha256-8u9SejRpL2TrMuHBdhYh4FKc1OGPDLyWTpIbNTtoHsA=",
        "owner": "NixOS",
        "repo": "nixpkgs",
        "rev": "a08e061a4ee8329747d54ddf1566d34c55c895eb",
        "type": "github"
      },
      "original": {
        "owner": "NixOS",
        "ref": "nixos-22.11",
        "repo": "nixpkgs",
        "type": "github"
      }
    },
    "nixpkgs": {
      "locked": {
        "lastModified": 1683717387,
        "narHash": "sha256-b4GSeKtDH+7wzw9VptHqIWOyIq28j7++rvRqhCEWFQ8=",
        "owner": "NixOS",
        "repo": "nixpkgs",
        "rev": "1e8ab5db89c84b1bb29d8d10ea60766bb5cee1f2",
        "type": "github"
      },
      "original": {
        "owner": "NixOS",
        "ref": "nixpkgs-unstable",
        "repo": "nixpkgs",
        "type": "github"
      }
    },
    "root": {
      "inputs": {
        "darwin": "darwin",
        "flake-compat": "flake-compat",
        "flake-utils": "flake-utils",
        "home": "home",
        "nixos": "nixos",
        "nixpkgs": "nixpkgs"
      }
    },
    "systems": {
      "locked": {
        "lastModified": 1681028828,
        "narHash": "sha256-Vy1rq5AaRuLzOxct8nz4T6wlgyUR7zLU309k9mBC768=",
        "owner": "nix-systems",
        "repo": "default",
        "rev": "da67096a3b9bf56a91d16901293e51ba5b49a27e",
        "type": "github"
      },
      "original": {
        "owner": "nix-systems",
        "repo": "default",
        "type": "github"
      }
    }
  },
  "root": "root",
  "version": 7
}
